
Microsoft Visual Studio Solution File, Format Version 12.00
# Visual Studio Version 16
VisualStudioVersion = 16.0.31613.86
MinimumVisualStudioVersion = 10.0.40219.1
Project("{FAE04EC0-301F-11D3-BF4B-00C04F79EFBC}") = "ApplicationCoreIdentity.Api", "ApplicationCoreIdentity.Api\ApplicationCoreIdentity.Api.csproj", "{DD2C63B7-A8FE-4A6F-B5E5-BB3C03F41671}"
EndProject
Project("{FAE04EC0-301F-11D3-BF4B-00C04F79EFBC}") = "ApplicationCoreIdentity.Services", "ApplicationCoreIdentity.Services\ApplicationCoreIdentity.Services.csproj", "{32AB101D-FF57-4CDF-AD15-6276034198BB}"
EndProject
Project("{FAE04EC0-301F-11D3-BF4B-00C04F79EFBC}") = "ApplicationCoreIdentity.Models", "ApplicationCoreIdentity.Models\ApplicationCoreIdentity.Models.csproj", "{81D338BA-D13B-4CFB-A7D0-6BFDB4BE3BC6}"
EndProject
Global
	GlobalSection(SolutionConfigurationPlatforms) = preSolution
		Debug|Any CPU = Debug|Any CPU
		Release|Any CPU = Release|Any CPU
	EndGlobalSection
	GlobalSection(ProjectConfigurationPlatforms) = postSolution
		{DD2C63B7-A8FE-4A6F-B5E5-BB3C03F41671}.Debug|Any CPU.ActiveCfg = Debug|Any CPU
		{DD2C63B7-A8FE-4A6F-B5E5-BB3C03F41671}.Debug|Any CPU.Build.0 = Debug|Any CPU
		{DD2C63B7-A8FE-4A6F-B5E5-BB3C03F41671}.Release|Any CPU.ActiveCfg = Release|Any CPU
		{DD2C63B7-A8FE-4A6F-B5E5-BB3C03F41671}.Release|Any CPU.Build.0 = Release|Any CPU
		{32AB101D-FF57-4CDF-AD15-6276034198BB}.Debug|Any CPU.ActiveCfg = Debug|Any CPU
		{32AB101D-FF57-4CDF-AD15-6276034198BB}.Debug|Any CPU.Build.0 = Debug|Any CPU
		{32AB101D-FF57-4CDF-AD15-6276034198BB}.Release|Any CPU.ActiveCfg = Release|Any CPU
		{32AB101D-FF57-4CDF-AD15-6276034198BB}.Release|Any CPU.Build.0 = Release|Any CPU
		{81D338BA-D13B-4CFB-A7D0-6BFDB4BE3BC6}.Debug|Any CPU.ActiveCfg = Debug|Any CPU
		{81D338BA-D13B-4CFB-A7D0-6BFDB4BE3BC6}.Debug|Any CPU.Build.0 = Debug|Any CPU
		{81D338BA-D13B-4CFB-A7D0-6BFDB4BE3BC6}.Release|Any CPU.ActiveCfg = Release|Any CPU
		{81D338BA-D13B-4CFB-A7D0-6BFDB4BE3BC6}.Release|Any CPU.Build.0 = Release|Any CPU
	EndGlobalSection
	GlobalSection(SolutionProperties) = preSolution
		HideSolutionNode = FALSE
	EndGlobalSection
	GlobalSection(ExtensibilityGlobals) = postSolution
		SolutionGuid = {6E5E2C16-3EFA-4526-AB14-C97A214C9798}
	EndGlobalSection
EndGlobal
